# This file is automatically @generated by Cargo.
# It is not intended for manual editing.
version = 3

[[package]]
name = "aho-corasick"
version = "0.7.18"
source = "registry+https://github.com/rust-lang/crates.io-index"
checksum = "1e37cfd5e7657ada45f742d6e99ca5788580b5c529dc78faf11ece6dc702656f"
dependencies = [
 "memchr",
]

[[package]]
name = "assert_approx_eq"
version = "1.1.0"
source = "registry+https://github.com/rust-lang/crates.io-index"
checksum = "3c07dab4369547dbe5114677b33fbbf724971019f3818172d59a97a61c774ffd"

[[package]]
name = "autocfg"
version = "0.1.6"
source = "registry+https://github.com/rust-lang/crates.io-index"
checksum = "b671c8fb71b457dd4ae18c4ba1e59aa81793daacc361d82fcd410cef0d491875"

[[package]]
name = "cfg-if"
version = "0.1.10"
source = "registry+https://github.com/rust-lang/crates.io-index"
checksum = "4785bdd1c96b2a846b2bd7cc02e86b6b3dbf14e7e53446c4f54c92a361040822"

[[package]]
name = "crossbeam-deque"
version = "0.7.2"
source = "registry+https://github.com/rust-lang/crates.io-index"
checksum = "c3aa945d63861bfe624b55d153a39684da1e8c0bc8fba932f7ee3a3c16cea3ca"
dependencies = [
 "crossbeam-epoch",
 "crossbeam-utils",
]

[[package]]
name = "crossbeam-epoch"
version = "0.8.0"
source = "registry+https://github.com/rust-lang/crates.io-index"
checksum = "5064ebdbf05ce3cb95e45c8b086f72263f4166b29b97f6baff7ef7fe047b55ac"
dependencies = [
 "autocfg",
 "cfg-if",
 "crossbeam-utils",
 "lazy_static",
 "memoffset",
 "scopeguard",
]

[[package]]
name = "crossbeam-queue"
version = "0.2.0"
source = "registry+https://github.com/rust-lang/crates.io-index"
checksum = "dfd6515864a82d2f877b42813d4553292c6659498c9a2aa31bab5a15243c2700"
dependencies = [
 "crossbeam-utils",
]

[[package]]
name = "crossbeam-utils"
version = "0.7.0"
source = "registry+https://github.com/rust-lang/crates.io-index"
checksum = "ce446db02cdc3165b94ae73111e570793400d0794e46125cc4056c81cbb039f4"
dependencies = [
 "autocfg",
 "cfg-if",
 "lazy_static",
]

[[package]]
name = "ctor"
version = "0.1.12"
source = "registry+https://github.com/rust-lang/crates.io-index"
checksum = "cd8ce37ad4184ab2ce004c33bf6379185d3b1c95801cab51026bd271bf68eedc"
dependencies = [
 "quote",
 "syn",
]

[[package]]
name = "dict_derive"
version = "0.2.0"
source = "registry+https://github.com/rust-lang/crates.io-index"
checksum = "9d7ee5676aa48357bd5e8bcf095167e6678837232a7b85bce424f46cd93a2c60"
dependencies = [
 "proc-macro2",
 "quote",
 "syn",
]

[[package]]
name = "either"
version = "1.5.3"
source = "registry+https://github.com/rust-lang/crates.io-index"
checksum = "bb1f6b1ce1c140482ea30ddd3335fc0024ac7ee112895426e0a629a6c20adfe3"

[[package]]
name = "ghost"
version = "0.1.1"
source = "registry+https://github.com/rust-lang/crates.io-index"
checksum = "2a36606a68532b5640dc86bb1f33c64b45c4682aad4c50f3937b317ea387f3d6"
dependencies = [
 "proc-macro2",
 "quote",
 "syn",
]

[[package]]
name = "hermit-abi"
version = "0.1.3"
source = "registry+https://github.com/rust-lang/crates.io-index"
checksum = "307c3c9f937f38e3534b1d6447ecf090cafcc9744e4a6360e8b037b2cf5af120"
dependencies = [
 "libc",
]

[[package]]
name = "indoc"
version = "0.3.4"
source = "registry+https://github.com/rust-lang/crates.io-index"
checksum = "3f9553c1e16c114b8b77ebeb329e5f2876eed62a8d51178c8bc6bff0d65f98f8"
dependencies = [
 "indoc-impl",
 "proc-macro-hack",
]

[[package]]
name = "indoc-impl"
version = "0.3.4"
source = "registry+https://github.com/rust-lang/crates.io-index"
checksum = "b714fc08d0961716390977cdff1536234415ac37b509e34e5a983def8340fb75"
dependencies = [
 "proc-macro-hack",
 "proc-macro2",
 "quote",
 "syn",
 "unindent",
]

[[package]]
name = "inventory"
version = "0.1.4"
source = "registry+https://github.com/rust-lang/crates.io-index"
checksum = "f4cece20baea71d9f3435e7bbe9adf4765f091c5fe404975f844006964a71299"
dependencies = [
 "ctor",
 "ghost",
 "inventory-impl",
]

[[package]]
name = "inventory-impl"
version = "0.1.4"
source = "registry+https://github.com/rust-lang/crates.io-index"
checksum = "c2869bf972e998977b1cb87e60df70341d48e48dca0823f534feb91ea44adaf9"
dependencies = [
 "proc-macro2",
 "quote",
 "syn",
]

[[package]]
name = "itertools"
version = "0.8.2"
source = "registry+https://github.com/rust-lang/crates.io-index"
checksum = "f56a2d0bc861f9165be4eb3442afd3c236d8a98afd426f65d92324ae1091a484"
dependencies = [
 "either",
]

[[package]]
name = "itoa"
version = "0.4.4"
source = "registry+https://github.com/rust-lang/crates.io-index"
checksum = "501266b7edd0174f8530248f87f99c88fbe60ca4ef3dd486835b8d8d53136f7f"

[[package]]
name = "lazy_static"
version = "1.4.0"
source = "registry+https://github.com/rust-lang/crates.io-index"
checksum = "e2abad23fbc42b3700f2f279844dc832adb2b2eb069b2df918f455c4e18cc646"

[[package]]
name = "libc"
version = "0.2.62"
source = "registry+https://github.com/rust-lang/crates.io-index"
checksum = "34fcd2c08d2f832f376f4173a231990fa5aef4e99fb569867318a227ef4c06ba"

[[package]]
name = "matrixmultiply"
version = "0.2.3"
source = "registry+https://github.com/rust-lang/crates.io-index"
checksum = "d4f7ec66360130972f34830bfad9ef05c6610a43938a467bcc9ab9369ab3478f"
dependencies = [
 "rawpointer",
]

[[package]]
name = "memchr"
version = "2.5.0"
source = "registry+https://github.com/rust-lang/crates.io-index"
checksum = "2dffe52ecf27772e601905b7522cb4ef790d2cc203488bbd0e2fe85fcb74566d"

[[package]]
name = "memoffset"
version = "0.5.3"
source = "registry+https://github.com/rust-lang/crates.io-index"
checksum = "75189eb85871ea5c2e2c15abbdd541185f63b408415e5051f5cac122d8c774b9"
dependencies = [
 "rustc_version",
]

[[package]]
name = "ndarray"
version = "0.13.0"
source = "registry+https://github.com/rust-lang/crates.io-index"
checksum = "25b001fc2f5df269365fb77bd8396ce6b1f61c9848f7f088c25e57494bacc57b"
dependencies = [
 "itertools",
 "matrixmultiply",
 "num-complex",
 "num-integer",
 "num-traits",
 "rawpointer",
]

[[package]]
name = "num-complex"
version = "0.2.3"
source = "registry+https://github.com/rust-lang/crates.io-index"
checksum = "fcb0cf31fb3ff77e6d2a6ebd6800df7fdcd106f2ad89113c9130bcd07f93dffc"
dependencies = [
 "autocfg",
 "num-traits",
]

[[package]]
name = "num-integer"
version = "0.1.41"
source = "registry+https://github.com/rust-lang/crates.io-index"
checksum = "b85e541ef8255f6cf42bbfe4ef361305c6c135d10919ecc26126c4e5ae94bc09"
dependencies = [
 "autocfg",
 "num-traits",
]

[[package]]
name = "num-traits"
version = "0.2.8"
source = "registry+https://github.com/rust-lang/crates.io-index"
checksum = "6ba9a427cfca2be13aa6f6403b0b7e7368fe982bfa16fccc450ce74c46cd9b32"
dependencies = [
 "autocfg",
]

[[package]]
name = "num_cpus"
version = "1.11.1"
source = "registry+https://github.com/rust-lang/crates.io-index"
checksum = "76dac5ed2a876980778b8b85f75a71b6cbf0db0b1232ee12f826bccb00d09d72"
dependencies = [
 "hermit-abi",
 "libc",
]

[[package]]
name = "numpy"
version = "0.7.0"
source = "registry+https://github.com/rust-lang/crates.io-index"
checksum = "579fd891291c3f7d0c5f691ce1efda0655605f8c97465e4a37eb614107efc6d2"
dependencies = [
 "cfg-if",
 "libc",
 "ndarray",
 "num-complex",
 "num-traits",
 "pyo3",
]

[[package]]
name = "paste"
version = "0.1.6"
source = "registry+https://github.com/rust-lang/crates.io-index"
checksum = "423a519e1c6e828f1e73b720f9d9ed2fa643dce8a7737fb43235ce0b41eeaa49"
dependencies = [
 "paste-impl",
 "proc-macro-hack",
]

[[package]]
name = "paste-impl"
version = "0.1.6"
source = "registry+https://github.com/rust-lang/crates.io-index"
checksum = "4214c9e912ef61bf42b81ba9a47e8aad1b2ffaf739ab162bf96d1e011f54e6c5"
dependencies = [
 "proc-macro-hack",
 "proc-macro2",
 "quote",
 "syn",
]

[[package]]
name = "proc-macro-hack"
version = "0.5.10"
source = "registry+https://github.com/rust-lang/crates.io-index"
checksum = "114cdf1f426eb7f550f01af5f53a33c0946156f6814aec939b3bd77e844f9a9d"
dependencies = [
 "proc-macro2",
 "quote",
 "syn",
]

[[package]]
name = "proc-macro2"
version = "1.0.5"
source = "registry+https://github.com/rust-lang/crates.io-index"
checksum = "90cf5f418035b98e655e9cdb225047638296b862b42411c4e45bb88d700f7fc0"
dependencies = [
 "unicode-xid",
]

[[package]]
name = "pyo3"
version = "0.8.1"
source = "registry+https://github.com/rust-lang/crates.io-index"
checksum = "a00f96312ebe4082db7d93ad062df1818f597660002541c1bbae6752ec583244"
dependencies = [
 "indoc",
 "inventory",
 "lazy_static",
 "libc",
 "num-traits",
 "paste",
 "pyo3cls",
 "regex",
 "serde",
 "serde_json",
 "spin",
 "unindent",
 "version_check",
]

[[package]]
name = "pyo3-derive-backend"
version = "0.8.1"
source = "registry+https://github.com/rust-lang/crates.io-index"
checksum = "1a7caa60cb986fca5b488e29d078fb25ae228e01dab080b855168ce061bbef0a"
dependencies = [
 "proc-macro2",
 "quote",
 "syn",
]

[[package]]
name = "pyo3cls"
version = "0.8.1"
source = "registry+https://github.com/rust-lang/crates.io-index"
checksum = "a5ccfa624ed9b5d805079f1ad64b3f1de5d551a946d4cf494f1f032b5572d39f"
dependencies = [
 "proc-macro2",
 "pyo3-derive-backend",
 "quote",
 "syn",
]

[[package]]
name = "quote"
version = "1.0.2"
source = "registry+https://github.com/rust-lang/crates.io-index"
checksum = "053a8c8bcc71fcce321828dc897a98ab9760bef03a4fc36693c231e5b3216cfe"
dependencies = [
 "proc-macro2",
]

[[package]]
name = "rawpointer"
version = "0.2.1"
source = "registry+https://github.com/rust-lang/crates.io-index"
checksum = "60a357793950651c4ed0f3f52338f53b2f809f32d83a07f72909fa13e4c6c1e3"

[[package]]
name = "rayon"
version = "1.2.1"
source = "registry+https://github.com/rust-lang/crates.io-index"
checksum = "43739f8831493b276363637423d3622d4bd6394ab6f0a9c4a552e208aeb7fddd"
dependencies = [
 "crossbeam-deque",
 "either",
 "rayon-core",
]

[[package]]
name = "rayon-core"
version = "1.6.1"
source = "registry+https://github.com/rust-lang/crates.io-index"
checksum = "f8bf17de6f23b05473c437eb958b9c850bfc8af0961fe17b4cc92d5a627b4791"
dependencies = [
 "crossbeam-deque",
 "crossbeam-queue",
 "crossbeam-utils",
 "lazy_static",
 "num_cpus",
]

[[package]]
name = "regex"
version = "1.5.6"
source = "registry+https://github.com/rust-lang/crates.io-index"
checksum = "d83f127d94bdbcda4c8cc2e50f6f84f4b611f69c902699ca385a39c3a75f9ff1"
dependencies = [
 "aho-corasick",
 "memchr",
 "regex-syntax",
]

[[package]]
name = "regex-syntax"
version = "0.6.26"
source = "registry+https://github.com/rust-lang/crates.io-index"
checksum = "49b3de9ec5dc0a3417da371aab17d729997c15010e7fd24ff707773a33bddb64"

[[package]]
name = "rustc_version"
version = "0.2.3"
source = "registry+https://github.com/rust-lang/crates.io-index"
checksum = "138e3e0acb6c9fb258b19b67cb8abd63c00679d2851805ea151465464fe9030a"
dependencies = [
 "semver",
]

[[package]]
name = "ryu"
version = "1.0.1"
source = "registry+https://github.com/rust-lang/crates.io-index"
checksum = "19d2271fa48eaf61e53cc88b4ad9adcbafa2d512c531e7fadb6dc11a4d3656c5"

[[package]]
name = "scopeguard"
version = "1.0.0"
source = "registry+https://github.com/rust-lang/crates.io-index"
checksum = "b42e15e59b18a828bbf5c58ea01debb36b9b096346de35d941dcb89009f24a0d"

[[package]]
name = "semver"
version = "0.9.0"
source = "registry+https://github.com/rust-lang/crates.io-index"
checksum = "1d7eb9ef2c18661902cc47e535f9bc51b78acd254da71d375c2f6720d9a40403"
dependencies = [
 "semver-parser",
]

[[package]]
name = "semver-parser"
version = "0.7.0"
source = "registry+https://github.com/rust-lang/crates.io-index"
checksum = "388a1df253eca08550bef6c72392cfe7c30914bf41df5269b68cbd6ff8f570a3"

[[package]]
name = "serde"
version = "1.0.101"
source = "registry+https://github.com/rust-lang/crates.io-index"
checksum = "9796c9b7ba2ffe7a9ce53c2287dfc48080f4b2b362fcc245a259b3a7201119dd"
dependencies = [
 "serde_derive",
]

[[package]]
name = "serde_derive"
version = "1.0.101"
source = "registry+https://github.com/rust-lang/crates.io-index"
checksum = "4b133a43a1ecd55d4086bd5b4dc6c1751c68b1bfbeba7a5040442022c7e7c02e"
dependencies = [
 "proc-macro2",
 "quote",
 "syn",
]

[[package]]
name = "serde_json"
version = "1.0.41"
source = "registry+https://github.com/rust-lang/crates.io-index"
checksum = "2f72eb2a68a7dc3f9a691bfda9305a1c017a6215e5a4545c258500d2099a37c2"
dependencies = [
 "itoa",
 "ryu",
 "serde",
]

[[package]]
name = "soleil"
version = "0.1.0"
dependencies = [
 "assert_approx_eq",
 "dict_derive",
 "ndarray",
 "numpy",
 "pyo3",
 "rayon",
]

[[package]]
name = "spin"
version = "0.5.2"
source = "registry+https://github.com/rust-lang/crates.io-index"
checksum = "6e63cff320ae2c57904679ba7cb63280a3dc4613885beafb148ee7bf9aa9042d"

[[package]]
name = "syn"
version = "1.0.5"
source = "registry+https://github.com/rust-lang/crates.io-index"
checksum = "66850e97125af79138385e9b88339cbcd037e3f28ceab8c5ad98e64f0f1f80bf"
dependencies = [
 "proc-macro2",
 "quote",
 "unicode-xid",
]

[[package]]
name = "unicode-xid"
version = "0.2.0"
source = "registry+https://github.com/rust-lang/crates.io-index"
checksum = "826e7639553986605ec5979c7dd957c7895e93eabed50ab2ffa7f6128a75097c"

[[package]]
name = "unindent"
version = "0.1.5"
source = "registry+https://github.com/rust-lang/crates.io-index"
checksum = "63f18aa3b0e35fed5a0048f029558b1518095ffe2a0a31fb87c93dece93a4993"

[[package]]
name = "version_check"
version = "0.9.1"
source = "registry+https://github.com/rust-lang/crates.io-index"
checksum = "078775d0255232fb988e6fccf26ddc9d1ac274299aaedcedce21c6f72cc533ce"
